// !$*UTF8*$!
{
	archiveVersion = 1;
	classes = {
	};
	objectVersion = 55;
	objects = {

/* Begin PBXBuildFile section */
		44FD643B27AE62490051BE8F /* itunesTop100App.swift in Sources */ = {isa = PBXBuildFile; fileRef = 44FD643A27AE62490051BE8F /* itunesTop100App.swift */; };
		44FD643F27AE624B0051BE8F /* Assets.xcassets in Resources */ = {isa = PBXBuildFile; fileRef = 44FD643E27AE624B0051BE8F /* Assets.xcassets */; };
		44FD644227AE624B0051BE8F /* Preview Assets.xcassets in Resources */ = {isa = PBXBuildFile; fileRef = 44FD644127AE624B0051BE8F /* Preview Assets.xcassets */; };
		44FD644C27AE624C0051BE8F /* itunesTop100Tests.swift in Sources */ = {isa = PBXBuildFile; fileRef = 44FD644B27AE624C0051BE8F /* itunesTop100Tests.swift */; };
		44FD645627AE624C0051BE8F /* itunesTop100UITests.swift in Sources */ = {isa = PBXBuildFile; fileRef = 44FD645527AE624C0051BE8F /* itunesTop100UITests.swift */; };
		44FD645827AE624C0051BE8F /* itunesTop100UITestsLaunchTests.swift in Sources */ = {isa = PBXBuildFile; fileRef = 44FD645727AE624C0051BE8F /* itunesTop100UITestsLaunchTests.swift */; };
		44FD646527AE63700051BE8F /* ResultsModel.swift in Sources */ = {isa = PBXBuildFile; fileRef = 44FD646427AE63700051BE8F /* ResultsModel.swift */; };
		44FD646727B08F870051BE8F /* DetailView.swift in Sources */ = {isa = PBXBuildFile; fileRef = 44FD646627B08F870051BE8F /* DetailView.swift */; };
		44FD646F27B1063F0051BE8F /* AlbumListView.swift in Sources */ = {isa = PBXBuildFile; fileRef = 44FD646E27B1063F0051BE8F /* AlbumListView.swift */; };
		44FD647227B1077A0051BE8F /* ResultsController.swift in Sources */ = {isa = PBXBuildFile; fileRef = 44FD647127B1077A0051BE8F /* ResultsController.swift */; };
/* End PBXBuildFile section */

/* Begin PBXContainerItemProxy section */
		44FD644827AE624C0051BE8F /* PBXContainerItemProxy */ = {
			isa = PBXContainerItemProxy;
			containerPortal = 44FD642F27AE62490051BE8F /* Project object */;
			proxyType = 1;
			remoteGlobalIDString = 44FD643627AE62490051BE8F;
			remoteInfo = itunesTop100;
		};
		44FD645227AE624C0051BE8F /* PBXContainerItemProxy */ = {
			isa = PBXContainerItemProxy;
			containerPortal = 44FD642F27AE62490051BE8F /* Project object */;
			proxyType = 1;
			remoteGlobalIDString = 44FD643627AE62490051BE8F;
			remoteInfo = itunesTop100;
		};
/* End PBXContainerItemProxy section */

/* Begin PBXFileReference section */
		44FD643727AE62490051BE8F /* itunesTop100.app */ = {isa = PBXFileReference; explicitFileType = wrapper.application; includeInIndex = 0; path = itunesTop100.app; sourceTree = BUILT_PRODUCTS_DIR; };
		44FD643A27AE62490051BE8F /* itunesTop100App.swift */ = {isa = PBXFileReference; lastKnownFileType = sourcecode.swift; path = itunesTop100App.swift; sourceTree = "<group>"; };
		44FD643E27AE624B0051BE8F /* Assets.xcassets */ = {isa = PBXFileReference; lastKnownFileType = folder.assetcatalog; path = Assets.xcassets; sourceTree = "<group>"; };
		44FD644127AE624B0051BE8F /* Preview Assets.xcassets */ = {isa = PBXFileReference; lastKnownFileType = folder.assetcatalog; path = "Preview Assets.xcassets"; sourceTree = "<group>"; };
		44FD644727AE624C0051BE8F /* itunesTop100Tests.xctest */ = {isa = PBXFileReference; explicitFileType = wrapper.cfbundle; includeInIndex = 0; path = itunesTop100Tests.xctest; sourceTree = BUILT_PRODUCTS_DIR; };
		44FD644B27AE624C0051BE8F /* itunesTop100Tests.swift */ = {isa = PBXFileReference; lastKnownFileType = sourcecode.swift; path = itunesTop100Tests.swift; sourceTree = "<group>"; };
		44FD645127AE624C0051BE8F /* itunesTop100UITests.xctest */ = {isa = PBXFileReference; explicitFileType = wrapper.cfbundle; includeInIndex = 0; path = itunesTop100UITests.xctest; sourceTree = BUILT_PRODUCTS_DIR; };
		44FD645527AE624C0051BE8F /* itunesTop100UITests.swift */ = {isa = PBXFileReference; lastKnownFileType = sourcecode.swift; path = itunesTop100UITests.swift; sourceTree = "<group>"; };
		44FD645727AE624C0051BE8F /* itunesTop100UITestsLaunchTests.swift */ = {isa = PBXFileReference; lastKnownFileType = sourcecode.swift; path = itunesTop100UITestsLaunchTests.swift; sourceTree = "<group>"; };
		44FD646427AE63700051BE8F /* ResultsModel.swift */ = {isa = PBXFileReference; lastKnownFileType = sourcecode.swift; path = ResultsModel.swift; sourceTree = "<group>"; };
		44FD646627B08F870051BE8F /* DetailView.swift */ = {isa = PBXFileReference; lastKnownFileType = sourcecode.swift; path = DetailView.swift; sourceTree = "<group>"; };
		44FD646E27B1063F0051BE8F /* AlbumListView.swift */ = {isa = PBXFileReference; lastKnownFileType = sourcecode.swift; path = AlbumListView.swift; sourceTree = "<group>"; };
		44FD647127B1077A0051BE8F /* ResultsController.swift */ = {isa = PBXFileReference; lastKnownFileType = sourcecode.swift; path = ResultsController.swift; sourceTree = "<group>"; };
/* End PBXFileReference section */

/* Begin PBXFrameworksBuildPhase section */
		44FD643427AE62490051BE8F /* Frameworks */ = {
			isa = PBXFrameworksBuildPhase;
			buildActionMask = 2147483647;
			files = (
			);
			runOnlyForDeploymentPostprocessing = 0;
		};
		44FD644427AE624C0051BE8F /* Frameworks */ = {
			isa = PBXFrameworksBuildPhase;
			buildActionMask = 2147483647;
			files = (
			);
			runOnlyForDeploymentPostprocessing = 0;
		};
		44FD644E27AE624C0051BE8F /* Frameworks */ = {
			isa = PBXFrameworksBuildPhase;
			buildActionMask = 2147483647;
			files = (
			);
			runOnlyForDeploymentPostprocessing = 0;
		};
/* End PBXFrameworksBuildPhase section */

/* Begin PBXGroup section */
		44FD642E27AE62490051BE8F = {
			isa = PBXGroup;
			children = (
				44FD643927AE62490051BE8F /* itunesTop100 */,
				44FD644A27AE624C0051BE8F /* itunesTop100Tests */,
				44FD645427AE624C0051BE8F /* itunesTop100UITests */,
				44FD643827AE62490051BE8F /* Products */,
			);
			sourceTree = "<group>";
		};
		44FD643827AE62490051BE8F /* Products */ = {
			isa = PBXGroup;
			children = (
				44FD643727AE62490051BE8F /* itunesTop100.app */,
				44FD644727AE624C0051BE8F /* itunesTop100Tests.xctest */,
				44FD645127AE624C0051BE8F /* itunesTop100UITests.xctest */,
			);
			name = Products;
			sourceTree = "<group>";
		};
		44FD643927AE62490051BE8F /* itunesTop100 */ = {
			isa = PBXGroup;
			children = (
				44FD643A27AE62490051BE8F /* itunesTop100App.swift */,
				44FD647427B107920051BE8F /* Views */,
				44FD647327B107820051BE8F /* Model */,
				44FD647027B107690051BE8F /* Model Controller */,
				44FD643E27AE624B0051BE8F /* Assets.xcassets */,
				44FD644027AE624B0051BE8F /* Preview Content */,
			);
			path = itunesTop100;
			sourceTree = "<group>";
		};
		44FD644027AE624B0051BE8F /* Preview Content */ = {
			isa = PBXGroup;
			children = (
				44FD644127AE624B0051BE8F /* Preview Assets.xcassets */,
			);
			path = "Preview Content";
			sourceTree = "<group>";
		};
		44FD644A27AE624C0051BE8F /* itunesTop100Tests */ = {
			isa = PBXGroup;
			children = (
				44FD644B27AE624C0051BE8F /* itunesTop100Tests.swift */,
			);
			path = itunesTop100Tests;
			sourceTree = "<group>";
		};
		44FD645427AE624C0051BE8F /* itunesTop100UITests */ = {
			isa = PBXGroup;
			children = (
				44FD645527AE624C0051BE8F /* itunesTop100UITests.swift */,
				44FD645727AE624C0051BE8F /* itunesTop100UITestsLaunchTests.swift */,
			);
			path = itunesTop100UITests;
			sourceTree = "<group>";
		};
		44FD647027B107690051BE8F /* Model Controller */ = {
			isa = PBXGroup;
			children = (
				44FD647127B1077A0051BE8F /* ResultsController.swift */,
			);
			path = "Model Controller";
			sourceTree = "<group>";
		};
		44FD647327B107820051BE8F /* Model */ = {
			isa = PBXGroup;
			children = (
				44FD646427AE63700051BE8F /* ResultsModel.swift */,
			);
			path = Model;
			sourceTree = "<group>";
		};
		44FD647427B107920051BE8F /* Views */ = {
			isa = PBXGroup;
			children = (
				44FD646E27B1063F0051BE8F /* AlbumListView.swift */,
				44FD646627B08F870051BE8F /* DetailView.swift */,
			);
			path = Views;
			sourceTree = "<group>";
		};
/* End PBXGroup section */

/* Begin PBXNativeTarget section */
		44FD643627AE62490051BE8F /* itunesTop100 */ = {
			isa = PBXNativeTarget;
			buildConfigurationList = 44FD645B27AE624C0051BE8F /* Build configuration list for PBXNativeTarget "itunesTop100" */;
			buildPhases = (
				44FD643327AE62490051BE8F /* Sources */,
				44FD643427AE62490051BE8F /* Frameworks */,
				44FD643527AE62490051BE8F /* Resources */,
			);
			buildRules = (
			);
			dependencies = (
			);
			name = itunesTop100;
			productName = itunesTop100;
			productReference = 44FD643727AE62490051BE8F /* itunesTop100.app */;
			productType = "com.apple.product-type.application";
		};
		44FD644627AE624C0051BE8F /* itunesTop100Tests */ = {
			isa = PBXNativeTarget;
			buildConfigurationList = 44FD645E27AE624C0051BE8F /* Build configuration list for PBXNativeTarget "itunesTop100Tests" */;
			buildPhases = (
				44FD644327AE624C0051BE8F /* Sources */,
				44FD644427AE624C0051BE8F /* Frameworks */,
				44FD644527AE624C0051BE8F /* Resources */,
			);
			buildRules = (
			);
			dependencies = (
				44FD644927AE624C0051BE8F /* PBXTargetDependency */,
			);
			name = itunesTop100Tests;
			productName = itunesTop100Tests;
			productReference = 44FD644727AE624C0051BE8F /* itunesTop100Tests.xctest */;
			productType = "com.apple.product-type.bundle.unit-test";
		};
		44FD645027AE624C0051BE8F /* itunesTop100UITests */ = {
			isa = PBXNativeTarget;
			buildConfigurationList = 44FD646127AE624C0051BE8F /* Build configuration list for PBXNativeTarget "itunesTop100UITests" */;
			buildPhases = (
				44FD644D27AE624C0051BE8F /* Sources */,
				44FD644E27AE624C0051BE8F /* Frameworks */,
				44FD644F27AE624C0051BE8F /* Resources */,
			);
			buildRules = (
			);
			dependencies = (
				44FD645327AE624C0051BE8F /* PBXTargetDependency */,
			);
			name = itunesTop100UITests;
			productName = itunesTop100UITests;
			productReference = 44FD645127AE624C0051BE8F /* itunesTop100UITests.xctest */;
			productType = "com.apple.product-type.bundle.ui-testing";
		};
/* End PBXNativeTarget section */

/* Begin PBXProject section */
		44FD642F27AE62490051BE8F /* Project object */ = {
			isa = PBXProject;
			attributes = {
				BuildIndependentTargetsInParallel = 1;
				LastSwiftUpdateCheck = 1310;
				LastUpgradeCheck = 1310;
				TargetAttributes = {
					44FD643627AE62490051BE8F = {
						CreatedOnToolsVersion = 13.1;
					};
					44FD644627AE624C0051BE8F = {
						CreatedOnToolsVersion = 13.1;
						TestTargetID = 44FD643627AE62490051BE8F;
					};
					44FD645027AE624C0051BE8F = {
						CreatedOnToolsVersion = 13.1;
						TestTargetID = 44FD643627AE62490051BE8F;
					};
				};
			};
			buildConfigurationList = 44FD643227AE62490051BE8F /* Build configuration list for PBXProject "itunesTop100" */;
			compatibilityVersion = "Xcode 13.0";
			developmentRegion = en;
			hasScannedForEncodings = 0;
			knownRegions = (
				en,
				Base,
			);
			mainGroup = 44FD642E27AE62490051BE8F;
			productRefGroup = 44FD643827AE62490051BE8F /* Products */;
			projectDirPath = "";
			projectRoot = "";
			targets = (
				44FD643627AE62490051BE8F /* itunesTop100 */,
				44FD644627AE624C0051BE8F /* itunesTop100Tests */,
				44FD645027AE624C0051BE8F /* itunesTop100UITests */,
			);
		};
/* End PBXProject section */

/* Begin PBXResourcesBuildPhase section */
		44FD643527AE62490051BE8F /* Resources */ = {
			isa = PBXResourcesBuildPhase;
			buildActionMask = 2147483647;
			files = (
				44FD644227AE624B0051BE8F /* Preview Assets.xcassets in Resources */,
				44FD643F27AE624B0051BE8F /* Assets.xcassets in Resources */,
			);
			runOnlyForDeploymentPostprocessing = 0;
		};
		44FD644527AE624C0051BE8F /* Resources */ = {
			isa = PBXResourcesBuildPhase;
			buildActionMask = 2147483647;
			files = (
			);
			runOnlyForDeploymentPostprocessing = 0;
		};
		44FD644F27AE624C0051BE8F /* Resources */ = {
			isa = PBXResourcesBuildPhase;
			buildActionMask = 2147483647;
			files = (
			);
			runOnlyForDeploymentPostprocessing = 0;
		};
/* End PBXResourcesBuildPhase section */

/* Begin PBXSourcesBuildPhase section */
		44FD643327AE62490051BE8F /* Sources */ = {
			isa = PBXSourcesBuildPhase;
			buildActionMask = 2147483647;
			files = (
				44FD646527AE63700051BE8F /* ResultsModel.swift in Sources */,
				44FD647227B1077A0051BE8F /* ResultsController.swift in Sources */,
				44FD646727B08F870051BE8F /* DetailView.swift in Sources */,
				44FD643B27AE62490051BE8F /* itunesTop100App.swift in Sources */,
				44FD646F27B1063F0051BE8F /* AlbumListView.swift in Sources */,
			);
			runOnlyForDeploymentPostprocessing = 0;
		};
		44FD644327AE624C0051BE8F /* Sources */ = {
			isa = PBXSourcesBuildPhase;
			buildActionMask = 2147483647;
			files = (
				44FD644C27AE624C0051BE8F /* itunesTop100Tests.swift in Sources */,
			);
			runOnlyForDeploymentPostprocessing = 0;
		};
		44FD644D27AE624C0051BE8F /* Sources */ = {
			isa = PBXSourcesBuildPhase;
			buildActionMask = 2147483647;
			files = (
				44FD645827AE624C0051BE8F /* itunesTop100UITestsLaunchTests.swift in Sources */,
				44FD645627AE624C0051BE8F /* itunesTop100UITests.swift in Sources */,
			);
			runOnlyForDeploymentPostprocessing = 0;
		};
/* End PBXSourcesBuildPhase section */

/* Begin PBXTargetDependency section */
		44FD644927AE624C0051BE8F /* PBXTargetDependency */ = {
			isa = PBXTargetDependency;
			target = 44FD643627AE62490051BE8F /* itunesTop100 */;
			targetProxy = 44FD644827AE624C0051BE8F /* PBXContainerItemProxy */;
		};
		44FD645327AE624C0051BE8F /* PBXTargetDependency */ = {
			isa = PBXTargetDependency;
			target = 44FD643627AE62490051BE8F /* itunesTop100 */;
			targetProxy = 44FD645227AE624C0051BE8F /* PBXContainerItemProxy */;
		};
/* End PBXTargetDependency section */

/* Begin XCBuildConfiguration section */
		44FD645927AE624C0051BE8F /* Debug */ = {
			isa = XCBuildConfiguration;
			buildSettings = {
				ALWAYS_SEARCH_USER_PATHS = NO;
				CLANG_ANALYZER_NONNULL = YES;
				CLANG_ANALYZER_NUMBER_OBJECT_CONVERSION = YES_AGGRESSIVE;
				CLANG_CXX_LANGUAGE_STANDARD = "gnu++17";
				CLANG_CXX_LIBRARY = "libc++";
				CLANG_ENABLE_MODULES = YES;
				CLANG_ENABLE_OBJC_ARC = YES;
				CLANG_ENABLE_OBJC_WEAK = YES;
				CLANG_WARN_BLOCK_CAPTURE_AUTORELEASING = YES;
				CLANG_WARN_BOOL_CONVERSION = YES;
				CLANG_WARN_COMMA = YES;
				CLANG_WARN_CONSTANT_CONVERSION = YES;
				CLANG_WARN_DEPRECATED_OBJC_IMPLEMENTATIONS = YES;
				CLANG_WARN_DIRECT_OBJC_ISA_USAGE = YES_ERROR;
				CLANG_WARN_DOCUMENTATION_COMMENTS = YES;
				CLANG_WARN_EMPTY_BODY = YES;
				CLANG_WARN_ENUM_CONVERSION = YES;
				CLANG_WARN_INFINITE_RECURSION = YES;
				CLANG_WARN_INT_CONVERSION = YES;
				CLANG_WARN_NON_LITERAL_NULL_CONVERSION = YES;
				CLANG_WARN_OBJC_IMPLICIT_RETAIN_SELF = YES;
				CLANG_WARN_OBJC_LITERAL_CONVERSION = YES;
				CLANG_WARN_OBJC_ROOT_CLASS = YES_ERROR;
				CLANG_WARN_QUOTED_INCLUDE_IN_FRAMEWORK_HEADER = YES;
				CLANG_WARN_RANGE_LOOP_ANALYSIS = YES;
				CLANG_WARN_STRICT_PROTOTYPES = YES;
				CLANG_WARN_SUSPICIOUS_MOVE = YES;
				CLANG_WARN_UNGUARDED_AVAILABILITY = YES_AGGRESSIVE;
				CLANG_WARN_UNREACHABLE_CODE = YES;
				CLANG_WARN__DUPLICATE_METHOD_MATCH = YES;
				COPY_PHASE_STRIP = NO;
				DEBUG_INFORMATION_FORMAT = dwarf;
				ENABLE_STRICT_OBJC_MSGSEND = YES;
				ENABLE_TESTABILITY = YES;
				GCC_C_LANGUAGE_STANDARD = gnu11;
				GCC_DYNAMIC_NO_PIC = NO;
				GCC_NO_COMMON_BLOCKS = YES;
				GCC_OPTIMIZATION_LEVEL = 0;
				GCC_PREPROCESSOR_DEFINITIONS = (
					"DEBUG=1",
					"$(inherited)",
				);
				GCC_WARN_64_TO_32_BIT_CONVERSION = YES;
				GCC_WARN_ABOUT_RETURN_TYPE = YES_ERROR;
				GCC_WARN_UNDECLARED_SELECTOR = YES;
				GCC_WARN_UNINITIALIZED_AUTOS = YES_AGGRESSIVE;
				GCC_WARN_UNUSED_FUNCTION = YES;
				GCC_WARN_UNUSED_VARIABLE = YES;
				IPHONEOS_DEPLOYMENT_TARGET = 15.0;
				MTL_ENABLE_DEBUG_INFO = INCLUDE_SOURCE;
				MTL_FAST_MATH = YES;
				ONLY_ACTIVE_ARCH = YES;
				SDKROOT = iphoneos;
				SWIFT_ACTIVE_COMPILATION_CONDITIONS = DEBUG;
				SWIFT_OPTIMIZATION_LEVEL = "-Onone";
			};
			name = Debug;
		};
		44FD645A27AE624C0051BE8F /* Release */ = {
			isa = XCBuildConfiguration;
			buildSettings = {
				ALWAYS_SEARCH_USER_PATHS = NO;
				CLANG_ANALYZER_NONNULL = YES;
				CLANG_ANALYZER_NUMBER_OBJECT_CONVERSION = YES_AGGRESSIVE;
				CLANG_CXX_LANGUAGE_STANDARD = "gnu++17";
				CLANG_CXX_LIBRARY = "libc++";
				CLANG_ENABLE_MODULES = YES;
				CLANG_ENABLE_OBJC_ARC = YES;
				CLANG_ENABLE_OBJC_WEAK = YES;
				CLANG_WARN_BLOCK_CAPTURE_AUTORELEASING = YES;
				CLANG_WARN_BOOL_CONVERSION = YES;
				CLANG_WARN_COMMA = YES;
				CLANG_WARN_CONSTANT_CONVERSION = YES;
				CLANG_WARN_DEPRECATED_OBJC_IMPLEMENTATIONS = YES;
				CLANG_WARN_DIRECT_OBJC_ISA_USAGE = YES_ERROR;
				CLANG_WARN_DOCUMENTATION_COMMENTS = YES;
				CLANG_WARN_EMPTY_BODY = YES;
				CLANG_WARN_ENUM_CONVERSION = YES;
				CLANG_WARN_INFINITE_RECURSION = YES;
				CLANG_WARN_INT_CONVERSION = YES;
				CLANG_WARN_NON_LITERAL_NULL_CONVERSION = YES;
				CLANG_WARN_OBJC_IMPLICIT_RETAIN_SELF = YES;
				CLANG_WARN_OBJC_LITERAL_CONVERSION = YES;
				CLANG_WARN_OBJC_ROOT_CLASS = YES_ERROR;
				CLANG_WARN_QUOTED_INCLUDE_IN_FRAMEWORK_HEADER = YES;
				CLANG_WARN_RANGE_LOOP_ANALYSIS = YES;
				CLANG_WARN_STRICT_PROTOTYPES = YES;
				CLANG_WARN_SUSPICIOUS_MOVE = YES;
				CLANG_WARN_UNGUARDED_AVAILABILITY = YES_AGGRESSIVE;
				CLANG_WARN_UNREACHABLE_CODE = YES;
				CLANG_WARN__DUPLICATE_METHOD_MATCH = YES;
				COPY_PHASE_STRIP = NO;
				DEBUG_INFORMATION_FORMAT = "dwarf-with-dsym";
				ENABLE_NS_ASSERTIONS = NO;
				ENABLE_STRICT_OBJC_MSGSEND = YES;
				GCC_C_LANGUAGE_STANDARD = gnu11;
				GCC_NO_COMMON_BLOCKS = YES;
				GCC_WARN_64_TO_32_BIT_CONVERSION = YES;
				GCC_WARN_ABOUT_RETURN_TYPE = YES_ERROR;
				GCC_WARN_UNDECLARED_SELECTOR = YES;
				GCC_WARN_UNINITIALIZED_AUTOS = YES_AGGRESSIVE;
				GCC_WARN_UNUSED_FUNCTION = YES;
				GCC_WARN_UNUSED_VARIABLE = YES;
				IPHONEOS_DEPLOYMENT_TARGET = 15.0;
				MTL_ENABLE_DEBUG_INFO = NO;
				MTL_FAST_MATH = YES;
				SDKROOT = iphoneos;
				SWIFT_COMPILATION_MODE = wholemodule;
				SWIFT_OPTIMIZATION_LEVEL = "-O";
				VALIDATE_PRODUCT = YES;
			};
			name = Release;
		};
		44FD645C27AE624C0051BE8F /* Debug */ = {
			isa = XCBuildConfiguration;
			buildSettings = {
				ASSETCATALOG_COMPILER_APPICON_NAME = AppIcon;
				ASSETCATALOG_COMPILER_GLOBAL_ACCENT_COLOR_NAME = AccentColor;
				CODE_SIGN_STYLE = Automatic;
				CURRENT_PROJECT_VERSION = 1;
				DEVELOPMENT_ASSET_PATHS = "\"itunesTop100/Preview Content\"";
				ENABLE_PREVIEWS = YES;
				GENERATE_INFOPLIST_FILE = YES;
				INFOPLIST_KEY_UIApplicationSceneManifest_Generation = YES;
				INFOPLIST_KEY_UIApplicationSupportsIndirectInputEvents = YES;
				INFOPLIST_KEY_UILaunchScreen_Generation = YES;
				INFOPLIST_KEY_UISupportedInterfaceOrientations_iPad = "UIInterfaceOrientationPortrait UIInterfaceOrientationPortraitUpsideDown UIInterfaceOrientationLandscapeLeft UIInterfaceOrientationLandscapeRight";
				INFOPLIST_KEY_UISupportedInterfaceOrientations_iPhone = "UIInterfaceOrientationPortrait UIInterfaceOrientationLandscapeLeft UIInterfaceOrientationLandscapeRight";
				LD_RUNPATH_SEARCH_PATHS = (
					"$(inherited)",
					"@executable_path/Frameworks",
				);
				MARKETING_VERSION = 1.0;
				PRODUCT_BUNDLE_IDENTIFIER = com.craigbel.itunesTop100;
				PRODUCT_NAME = "$(TARGET_NAME)";
				SWIFT_EMIT_LOC_STRINGS = YES;
				SWIFT_VERSION = 5.0;
				TARGETED_DEVICE_FAMILY = "1,2";
			};
			name = Debug;
		};
		44FD645D27AE624C0051BE8F /* Release */ = {
			isa = XCBuildConfiguration;
			buildSettings = {
				ASSETCATALOG_COMPILER_APPICON_NAME = AppIcon;
				ASSETCATALOG_COMPILER_GLOBAL_ACCENT_COLOR_NAME = AccentColor;
				CODE_SIGN_STYLE = Automatic;
				CURRENT_PROJECT_VERSION = 1;
				DEVELOPMENT_ASSET_PATHS = "\"itunesTop100/Preview Content\"";
				ENABLE_PREVIEWS = YES;
				GENERATE_INFOPLIST_FILE = YES;
				INFOPLIST_KEY_UIApplicationSceneManifest_Generation = YES;
				INFOPLIST_KEY_UIApplicationSupportsIndirectInputEvents = YES;
				INFOPLIST_KEY_UILaunchScreen_Generation = YES;
				INFOPLIST_KEY_UISupportedInterfaceOrientations_iPad = "UIInterfaceOrientationPortrait UIInterfaceOrientationPortraitUpsideDown UIInterfaceOrientationLandscapeLeft UIInterfaceOrientationLandscapeRight";
				INFOPLIST_KEY_UISupportedInterfaceOrientations_iPhone = "UIInterfaceOrientationPortrait UIInterfaceOrientationLandscapeLeft UIInterfaceOrientationLandscapeRight";
				LD_RUNPATH_SEARCH_PATHS = (
					"$(inherited)",
					"@executable_path/Frameworks",
				);
				MARKETING_VERSION = 1.0;
				PRODUCT_BUNDLE_IDENTIFIER = com.craigbel.itunesTop100;
				PRODUCT_NAME = "$(TARGET_NAME)";
				SWIFT_EMIT_LOC_STRINGS = YES;
				SWIFT_VERSION = 5.0;
				TARGETED_DEVICE_FAMILY = "1,2";
			};
			name = Release;
		};
		44FD645F27AE624C0051BE8F /* Debug */ = {
			isa = XCBuildConfiguration;
			buildSettings = {
				ALWAYS_EMBED_SWIFT_STANDARD_LIBRARIES = YES;
				BUNDLE_LOADER = "$(TEST_HOST)";
				CODE_SIGN_STYLE = Automatic;
				CURRENT_PROJECT_VERSION = 1;
				GENERATE_INFOPLIST_FILE = YES;
				IPHONEOS_DEPLOYMENT_TARGET = 15.0;
				LD_RUNPATH_SEARCH_PATHS = (
					"$(inherited)",
					"@executable_path/Frameworks",
					"@loader_path/Frameworks",
				);
				MARKETING_VERSION = 1.0;
				PRODUCT_BUNDLE_IDENTIFIER = com.craigbel.itunesTop100Tests;
				PRODUCT_NAME = "$(TARGET_NAME)";
				SWIFT_EMIT_LOC_STRINGS = NO;
				SWIFT_VERSION = 5.0;
				TARGETED_DEVICE_FAMILY = "1,2";
				TEST_HOST = "$(BUILT_PRODUCTS_DIR)/itunesTop100.app/itunesTop100";
			};
			name = Debug;
		};
		44FD646027AE624C0051BE8F /* Release */ = {
			isa = XCBuildConfiguration;
			buildSettings = {
				ALWAYS_EMBED_SWIFT_STANDARD_LIBRARIES = YES;
				BUNDLE_LOADER = "$(TEST_HOST)";
				CODE_SIGN_STYLE = Automatic;
				CURRENT_PROJECT_VERSION = 1;
				GENERATE_INFOPLIST_FILE = YES;
				IPHONEOS_DEPLOYMENT_TARGET = 15.0;
				LD_RUNPATH_SEARCH_PATHS = (
					"$(inherited)",
					"@executable_path/Frameworks",
					"@loader_path/Frameworks",
				);
				MARKETING_VERSION = 1.0;
				PRODUCT_BUNDLE_IDENTIFIER = com.craigbel.itunesTop100Tests;
				PRODUCT_NAME = "$(TARGET_NAME)";
				SWIFT_EMIT_LOC_STRINGS = NO;
				SWIFT_VERSION = 5.0;
				TARGETED_DEVICE_FAMILY = "1,2";
				TEST_HOST = "$(BUILT_PRODUCTS_DIR)/itunesTop100.app/itunesTop100";
			};
			name = Release;
		};
		44FD646227AE624C0051BE8F /* Debug */ = {
			isa = XCBuildConfiguration;
			buildSettings = {
				ALWAYS_EMBED_SWIFT_STANDARD_LIBRARIES = YES;
				CODE_SIGN_STYLE = Automatic;
				CURRENT_PROJECT_VERSION = 1;
				GENERATE_INFOPLIST_FILE = YES;
				LD_RUNPATH_SEARCH_PATHS = (
					"$(inherited)",
					"@executable_path/Frameworks",
					"@loader_path/Frameworks",
				);
				MARKETING_VERSION = 1.0;
				PRODUCT_BUNDLE_IDENTIFIER = com.craigbel.itunesTop100UITests;
				PRODUCT_NAME = "$(TARGET_NAME)";
				SWIFT_EMIT_LOC_STRINGS = NO;
				SWIFT_VERSION = 5.0;
				TARGETED_DEVICE_FAMILY = "1,2";
				TEST_TARGET_NAME = itunesTop100;
			};
			name = Debug;
		};
		44FD646327AE624C0051BE8F /* Release */ = {
			isa = XCBuildConfiguration;
			buildSettings = {
				ALWAYS_EMBED_SWIFT_STANDARD_LIBRARIES = YES;
				CODE_SIGN_STYLE = Automatic;
				CURRENT_PROJECT_VERSION = 1;
				GENERATE_INFOPLIST_FILE = YES;
				LD_RUNPATH_SEARCH_PATHS = (
					"$(inherited)",
					"@executable_path/Frameworks",
					"@loader_path/Frameworks",
				);
				MARKETING_VERSION = 1.0;
				PRODUCT_BUNDLE_IDENTIFIER = com.craigbel.itunesTop100UITests;
				PRODUCT_NAME = "$(TARGET_NAME)";
				SWIFT_EMIT_LOC_STRINGS = NO;
				SWIFT_VERSION = 5.0;
				TARGETED_DEVICE_FAMILY = "1,2";
				TEST_TARGET_NAME = itunesTop100;
			};
			name = Release;
		};
/* End XCBuildConfiguration section */

/* Begin XCConfigurationList section */
		44FD643227AE62490051BE8F /* Build configuration list for PBXProject "itunesTop100" */ = {
			isa = XCConfigurationList;
			buildConfigurations = (
				44FD645927AE624C0051BE8F /* Debug */,
				44FD645A27AE624C0051BE8F /* Release */,
			);
			defaultConfigurationIsVisible = 0;
			defaultConfigurationName = Release;
		};
		44FD645B27AE624C0051BE8F /* Build configuration list for PBXNativeTarget "itunesTop100" */ = {
			isa = XCConfigurationList;
			buildConfigurations = (
				44FD645C27AE624C0051BE8F /* Debug */,
				44FD645D27AE624C0051BE8F /* Release */,
			);
			defaultConfigurationIsVisible = 0;
			defaultConfigurationName = Release;
		};
		44FD645E27AE624C0051BE8F /* Build configuration list for PBXNativeTarget "itunesTop100Tests" */ = {
			isa = XCConfigurationList;
			buildConfigurations = (
				44FD645F27AE624C0051BE8F /* Debug */,
				44FD646027AE624C0051BE8F /* Release */,
			);
			defaultConfigurationIsVisible = 0;
			defaultConfigurationName = Release;
		};
		44FD646127AE624C0051BE8F /* Build configuration list for PBXNativeTarget "itunesTop100UITests" */ = {
			isa = XCConfigurationList;
			buildConfigurations = (
				44FD646227AE624C0051BE8F /* Debug */,
				44FD646327AE624C0051BE8F /* Release */,
			);
			defaultConfigurationIsVisible = 0;
			defaultConfigurationName = Release;
		};
/* End XCConfigurationList section */
	};
	rootObject = 44FD642F27AE62490051BE8F /* Project object */;
}
